{
	"requires": true,
	"lockfileVersion": 1,
	"dependencies": {
		"@babel/parser": {
			"version": "7.10.2",
			"resolved": "https://registry.npmjs.org/@babel/parser/-/parser-7.10.2.tgz",
			"integrity": "sha512-PApSXlNMJyB4JiGVhCOlzKIif+TKFTvu0aQAhnTvfP/z3vVSN6ZypH5bfUNwFXXjRQtUEBNFd2PtmCmG2Py3qQ=="
		},
		"@conartist6/recast": {
			"version": "0.19.1-parens-fixes.1",
			"resolved": "https://registry.npmjs.org/@conartist6/recast/-/recast-0.19.1-parens-fixes.1.tgz",
			"integrity": "sha512-3igGVhX6O29+zxBJ4gE4fBjATHG8qSjYoaarJUXLiJRDdnAqB+YC47f+oQsI5QdbQlWT5JIXYdZG5Xw935vE3g==",
			"requires": {
				"ast-types": "0.13.3",
				"esprima": "~4.0.0",
				"private": "^0.1.8",
				"source-map": "~0.6.1"
			}
		},
		"ast-types": {
			"version": "0.13.3",
			"resolved": "https://registry.npmjs.org/ast-types/-/ast-types-0.13.3.tgz",
			"integrity": "sha512-XTZ7xGML849LkQP86sWdQzfhwbt3YwIO6MqbX9mUNYY98VKaaVZP7YNNm70IpwecbkkxmfC5IYAzOQ/2p29zRA=="
		},
		"esprima": {
			"version": "4.0.1",
			"resolved": "https://registry.npmjs.org/esprima/-/esprima-4.0.1.tgz",
			"integrity": "sha512-eGuFFw7Upda+g4p+QHvnW0RyTX/SVeJBDM/gCtMARO0cLuT2HcEKnTPvhjV6aGeqrCB/sbNop0Kszm0jsaWU4A=="
		},
		"private": {
			"version": "0.1.8",
			"resolved": "https://registry.npmjs.org/private/-/private-0.1.8.tgz",
			"integrity": "sha512-VvivMrbvd2nKkiG38qjULzlc+4Vx4wm/whI9pQD35YrARNnhxeiRktSOhSukRLFNlzg6Br/cJPet5J/u19r/mg=="
		},
		"source-map": {
			"version": "0.6.1",
			"resolved": "https://registry.npmjs.org/source-map/-/source-map-0.6.1.tgz",
			"integrity": "sha512-UjgapumWlbMhkBgzT7Ykc5YXUT46F0iKu8SGXq0bcwP5dz/h0Plj6enJqjz1Zbq2l5WaqYnrVbwWOWMyF3F47g=="
		}
	}
}
